
Microsoft Visual Studio Solution File, Format Version 12.00
# Visual Studio Version 16
VisualStudioVersion = 16.0.31613.86
MinimumVisualStudioVersion = 10.0.40219.1
Project("{FAE04EC0-301F-11D3-BF4B-00C04F79EFBC}") = "Auvo.App", "Auvo.App\Auvo.App.csproj", "{426F58F3-C97A-494A-9B65-C26ADFB9B672}"
EndProject
Global
	GlobalSection(SolutionConfigurationPlatforms) = preSolution
		Debug|Any CPU = Debug|Any CPU
		Release|Any CPU = Release|Any CPU
	EndGlobalSection
	GlobalSection(ProjectConfigurationPlatforms) = postSolution
		{426F58F3-C97A-494A-9B65-C26ADFB9B672}.Debug|Any CPU.ActiveCfg = Debug|Any CPU
		{426F58F3-C97A-494A-9B65-C26ADFB9B672}.Debug|Any CPU.Build.0 = Debug|Any CPU
		{426F58F3-C97A-494A-9B65-C26ADFB9B672}.Release|Any CPU.ActiveCfg = Release|Any CPU
		{426F58F3-C97A-494A-9B65-C26ADFB9B672}.Release|Any CPU.Build.0 = Release|Any CPU
	EndGlobalSection
	GlobalSection(SolutionProperties) = preSolution
		HideSolutionNode = FALSE
	EndGlobalSection
	GlobalSection(ExtensibilityGlobals) = postSolution
		SolutionGuid = {B03E6DFD-8A0D-492C-85B3-312C681E18B3}
	EndGlobalSection
EndGlobal
